
Microsoft Visual Studio Solution File, Format Version 12.00
# Visual Studio Version 17
VisualStudioVersion = 17.0.32112.339
MinimumVisualStudioVersion = 10.0.40219.1
Project("{FAE04EC0-301F-11D3-BF4B-00C04F79EFBC}") = "Triangulos.ConsoleApp", "Triangulos.ConsoleApp\Triangulos.ConsoleApp.csproj", "{51BF2E2E-AA17-4389-8518-4A0BB304F55F}"
EndProject
Global
	GlobalSection(SolutionConfigurationPlatforms) = preSolution
		Debug|Any CPU = Debug|Any CPU
		Release|Any CPU = Release|Any CPU
	EndGlobalSection
	GlobalSection(ProjectConfigurationPlatforms) = postSolution
		{51BF2E2E-AA17-4389-8518-4A0BB304F55F}.Debug|Any CPU.ActiveCfg = Debug|Any CPU
		{51BF2E2E-AA17-4389-8518-4A0BB304F55F}.Debug|Any CPU.Build.0 = Debug|Any CPU
		{51BF2E2E-AA17-4389-8518-4A0BB304F55F}.Release|Any CPU.ActiveCfg = Release|Any CPU
		{51BF2E2E-AA17-4389-8518-4A0BB304F55F}.Release|Any CPU.Build.0 = Release|Any CPU
	EndGlobalSection
	GlobalSection(SolutionProperties) = preSolution
		HideSolutionNode = FALSE
	EndGlobalSection
	GlobalSection(ExtensibilityGlobals) = postSolution
		SolutionGuid = {191D001F-6EB4-4C4E-9647-B1E31A00087F}
	EndGlobalSection
EndGlobal
